// !$*UTF8*$!
{
	archiveVersion = 1;
	classes = {
	};
	objectVersion = 46;
	objects = {

/* Begin PBXBuildFile section */
		B14D86161B2028A800AFF457 /* AppDelegate.swift in Sources */ = {isa = PBXBuildFile; fileRef = B14D86151B2028A800AFF457 /* AppDelegate.swift */; };
		B14D86191B2028A800AFF457 /* json_table_view_images.xcdatamodeld in Sources */ = {isa = PBXBuildFile; fileRef = B14D86171B2028A800AFF457 /* json_table_view_images.xcdatamodeld */; };
		B14D861B1B2028A800AFF457 /* ViewController.swift in Sources */ = {isa = PBXBuildFile; fileRef = B14D861A1B2028A800AFF457 /* ViewController.swift */; };
		B14D861E1B2028A800AFF457 /* Main.storyboard in Resources */ = {isa = PBXBuildFile; fileRef = B14D861C1B2028A800AFF457 /* Main.storyboard */; };
		B14D86201B2028A800AFF457 /* Images.xcassets in Resources */ = {isa = PBXBuildFile; fileRef = B14D861F1B2028A800AFF457 /* Images.xcassets */; };
		B14D862F1B2028A800AFF457 /* json_table_view_imagesTests.swift in Sources */ = {isa = PBXBuildFile; fileRef = B14D862E1B2028A800AFF457 /* json_table_view_imagesTests.swift */; };
		B14D86391B20330800AFF457 /* image.jpg in Resources */ = {isa = PBXBuildFile; fileRef = B14D86381B20330800AFF457 /* image.jpg */; };
/* End PBXBuildFile section */

/* Begin PBXContainerItemProxy section */
		B14D86291B2028A800AFF457 /* PBXContainerItemProxy */ = {
			isa = PBXContainerItemProxy;
			containerPortal = B14D86081B2028A800AFF457 /* Project object */;
			proxyType = 1;
			remoteGlobalIDString = B14D860F1B2028A800AFF457;
			remoteInfo = json_table_view_images;
		};
/* End PBXContainerItemProxy section */

/* Begin PBXFileReference section */
		B14D86101B2028A800AFF457 /* json_table_view_images.app */ = {isa = PBXFileReference; explicitFileType = wrapper.application; includeInIndex = 0; path = json_table_view_images.app; sourceTree = BUILT_PRODUCTS_DIR; };
		B14D86141B2028A800AFF457 /* Info.plist */ = {isa = PBXFileReference; lastKnownFileType = text.plist.xml; path = Info.plist; sourceTree = "<group>"; };
		B14D86151B2028A800AFF457 /* AppDelegate.swift */ = {isa = PBXFileReference; lastKnownFileType = sourcecode.swift; path = AppDelegate.swift; sourceTree = "<group>"; };
		B14D86181B2028A800AFF457 /* json_table_view_images.xcdatamodel */ = {isa = PBXFileReference; lastKnownFileType = wrapper.xcdatamodel; path = json_table_view_images.xcdatamodel; sourceTree = "<group>"; };
		B14D861A1B2028A800AFF457 /* ViewController.swift */ = {isa = PBXFileReference; lastKnownFileType = sourcecode.swift; path = ViewController.swift; sourceTree = "<group>"; };
		B14D861D1B2028A800AFF457 /* Base */ = {isa = PBXFileReference; lastKnownFileType = file.storyboard; name = Base; path = Base.lproj/Main.storyboard; sourceTree = "<group>"; };
		B14D861F1B2028A800AFF457 /* Images.xcassets */ = {isa = PBXFileReference; lastKnownFileType = folder.assetcatalog; path = Images.xcassets; sourceTree = "<group>"; };
		B14D86281B2028A800AFF457 /* json_table_view_imagesTests.xctest */ = {isa = PBXFileReference; explicitFileType = wrapper.cfbundle; includeInIndex = 0; path = json_table_view_imagesTests.xctest; sourceTree = BUILT_PRODUCTS_DIR; };
		B14D862D1B2028A800AFF457 /* Info.plist */ = {isa = PBXFileReference; lastKnownFileType = text.plist.xml; path = Info.plist; sourceTree = "<group>"; };
		B14D862E1B2028A800AFF457 /* json_table_view_imagesTests.swift */ = {isa = PBXFileReference; lastKnownFileType = sourcecode.swift; path = json_table_view_imagesTests.swift; sourceTree = "<group>"; };
		B14D86381B20330800AFF457 /* image.jpg */ = {isa = PBXFileReference; lastKnownFileType = image.jpeg; path = image.jpg; sourceTree = "<group>"; };
/* End PBXFileReference section */

/* Begin PBXFrameworksBuildPhase section */
		B14D860D1B2028A800AFF457 /* Frameworks */ = {
			isa = PBXFrameworksBuildPhase;
			buildActionMask = 2147483647;
			files = (
			);
			runOnlyForDeploymentPostprocessing = 0;
		};
		B14D86251B2028A800AFF457 /* Frameworks */ = {
			isa = PBXFrameworksBuildPhase;
			buildActionMask = 2147483647;
			files = (
			);
			runOnlyForDeploymentPostprocessing = 0;
		};
/* End PBXFrameworksBuildPhase section */

/* Begin PBXGroup section */
		B14D86071B2028A800AFF457 = {
			isa = PBXGroup;
			children = (
				B14D86121B2028A800AFF457 /* json_table_view_images */,
				B14D862B1B2028A800AFF457 /* json_table_view_imagesTests */,
				B14D86111B2028A800AFF457 /* Products */,
			);
			sourceTree = "<group>";
		};
		B14D86111B2028A800AFF457 /* Products */ = {
			isa = PBXGroup;
			children = (
				B14D86101B2028A800AFF457 /* json_table_view_images.app */,
				B14D86281B2028A800AFF457 /* json_table_view_imagesTests.xctest */,
			);
			name = Products;
			sourceTree = "<group>";
		};
		B14D86121B2028A800AFF457 /* json_table_view_images */ = {
			isa = PBXGroup;
			children = (
				B14D86151B2028A800AFF457 /* AppDelegate.swift */,
				B14D861A1B2028A800AFF457 /* ViewController.swift */,
				B14D861C1B2028A800AFF457 /* Main.storyboard */,
				B14D861F1B2028A800AFF457 /* Images.xcassets */,
				B14D86381B20330800AFF457 /* image.jpg */,
				B14D86171B2028A800AFF457 /* json_table_view_images.xcdatamodeld */,
				B14D86131B2028A800AFF457 /* Supporting Files */,
			);
			path = json_table_view_images;
			sourceTree = "<group>";
		};
		B14D86131B2028A800AFF457 /* Supporting Files */ = {
			isa = PBXGroup;
			children = (
				B14D86141B2028A800AFF457 /* Info.plist */,
			);
			name = "Supporting Files";
			sourceTree = "<group>";
		};
		B14D862B1B2028A800AFF457 /* json_table_view_imagesTests */ = {
			isa = PBXGroup;
			children = (
				B14D862E1B2028A800AFF457 /* json_table_view_imagesTests.swift */,
				B14D862C1B2028A800AFF457 /* Supporting Files */,
			);
			path = json_table_view_imagesTests;
			sourceTree = "<group>";
		};
		B14D862C1B2028A800AFF457 /* Supporting Files */ = {
			isa = PBXGroup;
			children = (
				B14D862D1B2028A800AFF457 /* Info.plist */,
			);
			name = "Supporting Files";
			sourceTree = "<group>";
		};
/* End PBXGroup section */

/* Begin PBXNativeTarget section */
		B14D860F1B2028A800AFF457 /* json_table_view_images */ = {
			isa = PBXNativeTarget;
			buildConfigurationList = B14D86321B2028A800AFF457 /* Build configuration list for PBXNativeTarget "json_table_view_images" */;
			buildPhases = (
				B14D860C1B2028A800AFF457 /* Sources */,
				B14D860D1B2028A800AFF457 /* Frameworks */,
				B14D860E1B2028A800AFF457 /* Resources */,
			);
			buildRules = (
			);
			dependencies = (
			);
			name = json_table_view_images;
			productName = json_table_view_images;
			productReference = B14D86101B2028A800AFF457 /* json_table_view_images.app */;
			productType = "com.apple.product-type.application";
		};
		B14D86271B2028A800AFF457 /* json_table_view_imagesTests */ = {
			isa = PBXNativeTarget;
			buildConfigurationList = B14D86351B2028A800AFF457 /* Build configuration list for PBXNativeTarget "json_table_view_imagesTests" */;
			buildPhases = (
				B14D86241B2028A800AFF457 /* Sources */,
				B14D86251B2028A800AFF457 /* Frameworks */,
				B14D86261B2028A800AFF457 /* Resources */,
			);
			buildRules = (
			);
			dependencies = (
				B14D862A1B2028A800AFF457 /* PBXTargetDependency */,
			);
			name = json_table_view_imagesTests;
			productName = json_table_view_imagesTests;
			productReference = B14D86281B2028A800AFF457 /* json_table_view_imagesTests.xctest */;
			productType = "com.apple.product-type.bundle.unit-test";
		};
/* End PBXNativeTarget section */

/* Begin PBXProject section */
		B14D86081B2028A800AFF457 /* Project object */ = {
			isa = PBXProject;
			attributes = {
				LastSwiftMigration = 0700;
				LastSwiftUpdateCheck = 0700;
				LastUpgradeCheck = 0700;
				ORGANIZATIONNAME = KaleidosStudio;
				TargetAttributes = {
					B14D860F1B2028A800AFF457 = {
						CreatedOnToolsVersion = 6.3.1;
					};
					B14D86271B2028A800AFF457 = {
						CreatedOnToolsVersion = 6.3.1;
						TestTargetID = B14D860F1B2028A800AFF457;
					};
				};
			};
			buildConfigurationList = B14D860B1B2028A800AFF457 /* Build configuration list for PBXProject "json_table_view_images" */;
			compatibilityVersion = "Xcode 3.2";
			developmentRegion = English;
			hasScannedForEncodings = 0;
			knownRegions = (
				en,
				Base,
			);
			mainGroup = B14D86071B2028A800AFF457;
			productRefGroup = B14D86111B2028A800AFF457 /* Products */;
			projectDirPath = "";
			projectRoot = "";
			targets = (
				B14D860F1B2028A800AFF457 /* json_table_view_images */,
				B14D86271B2028A800AFF457 /* json_table_view_imagesTests */,
			);
		};
/* End PBXProject section */

/* Begin PBXResourcesBuildPhase section */
		B14D860E1B2028A800AFF457 /* Resources */ = {
			isa = PBXResourcesBuildPhase;
			buildActionMask = 2147483647;
			files = (
				B14D861E1B2028A800AFF457 /* Main.storyboard in Resources */,
				B14D86201B2028A800AFF457 /* Images.xcassets in Resources */,
				B14D86391B20330800AFF457 /* image.jpg in Resources */,
			);
			runOnlyForDeploymentPostprocessing = 0;
		};
		B14D86261B2028A800AFF457 /* Resources */ = {
			isa = PBXResourcesBuildPhase;
			buildActionMask = 2147483647;
			files = (
			);
			runOnlyForDeploymentPostprocessing = 0;
		};
/* End PBXResourcesBuildPhase section */

/* Begin PBXSourcesBuildPhase section */
		B14D860C1B2028A800AFF457 /* Sources */ = {
			isa = PBXSourcesBuildPhase;
			buildActionMask = 2147483647;
			files = (
				B14D861B1B2028A800AFF457 /* ViewController.swift in Sources */,
				B14D86161B2028A800AFF457 /* AppDelegate.swift in Sources */,
				B14D86191B2028A800AFF457 /* json_table_view_images.xcdatamodeld in Sources */,
			);
			runOnlyForDeploymentPostprocessing = 0;
		};
		B14D86241B2028A800AFF457 /* Sources */ = {
			isa = PBXSourcesBuildPhase;
			buildActionMask = 2147483647;
			files = (
				B14D862F1B2028A800AFF457 /* json_table_view_imagesTests.swift in Sources */,
			);
			runOnlyForDeploymentPostprocessing = 0;
		};
/* End PBXSourcesBuildPhase section */

/* Begin PBXTargetDependency section */
		B14D862A1B2028A800AFF457 /* PBXTargetDependency */ = {
			isa = PBXTargetDependency;
			target = B14D860F1B2028A800AFF457 /* json_table_view_images */;
			targetProxy = B14D86291B2028A800AFF457 /* PBXContainerItemProxy */;
		};
/* End PBXTargetDependency section */

/* Begin PBXVariantGroup section */
		B14D861C1B2028A800AFF457 /* Main.storyboard */ = {
			isa = PBXVariantGroup;
			children = (
				B14D861D1B2028A800AFF457 /* Base */,
			);
			name = Main.storyboard;
			sourceTree = "<group>";
		};
/* End PBXVariantGroup section */

/* Begin XCBuildConfiguration section */
		B14D86301B2028A800AFF457 /* Debug */ = {
			isa = XCBuildConfiguration;
			buildSettings = {
				ALWAYS_SEARCH_USER_PATHS = NO;
				CLANG_CXX_LANGUAGE_STANDARD = "gnu++0x";
				CLANG_CXX_LIBRARY = "libc++";
				CLANG_ENABLE_MODULES = YES;
				CLANG_ENABLE_OBJC_ARC = YES;
				CLANG_WARN_BOOL_CONVERSION = YES;
				CLANG_WARN_CONSTANT_CONVERSION = YES;
				CLANG_WARN_DIRECT_OBJC_ISA_USAGE = YES_ERROR;
				CLANG_WARN_EMPTY_BODY = YES;
				CLANG_WARN_ENUM_CONVERSION = YES;
				CLANG_WARN_INT_CONVERSION = YES;
				CLANG_WARN_OBJC_ROOT_CLASS = YES_ERROR;
				CLANG_WARN_UNREACHABLE_CODE = YES;
				CLANG_WARN__DUPLICATE_METHOD_MATCH = YES;
				"CODE_SIGN_IDENTITY[sdk=iphoneos*]" = "iPhone Developer";
				COPY_PHASE_STRIP = NO;
				DEBUG_INFORMATION_FORMAT = "dwarf-with-dsym";
				ENABLE_STRICT_OBJC_MSGSEND = YES;
				ENABLE_TESTABILITY = YES;
				GCC_C_LANGUAGE_STANDARD = gnu99;
				GCC_DYNAMIC_NO_PIC = NO;
				GCC_NO_COMMON_BLOCKS = YES;
				GCC_OPTIMIZATION_LEVEL = 0;
				GCC_PREPROCESSOR_DEFINITIONS = (
					"DEBUG=1",
					"$(inherited)",
				);
				GCC_SYMBOLS_PRIVATE_EXTERN = NO;
				GCC_WARN_64_TO_32_BIT_CONVERSION = YES;
				GCC_WARN_ABOUT_RETURN_TYPE = YES_ERROR;
				GCC_WARN_UNDECLARED_SELECTOR = YES;
				GCC_WARN_UNINITIALIZED_AUTOS = YES_AGGRESSIVE;
				GCC_WARN_UNUSED_FUNCTION = YES;
				GCC_WARN_UNUSED_VARIABLE = YES;
				IPHONEOS_DEPLOYMENT_TARGET = 9.0;
				MTL_ENABLE_DEBUG_INFO = YES;
				ONLY_ACTIVE_ARCH = YES;
				SDKROOT = iphoneos;
				SWIFT_OPTIMIZATION_LEVEL = "-Onone";
				TARGETED_DEVICE_FAMILY = "1,2";
			};
			name = Debug;
		};
		B14D86311B2028A800AFF457 /* Release */ = {
			isa = XCBuildConfiguration;
			buildSettings = {
				ALWAYS_SEARCH_USER_PATHS = NO;
				CLANG_CXX_LANGUAGE_STANDARD = "gnu++0x";
				CLANG_CXX_LIBRARY = "libc++";
				CLANG_ENABLE_MODULES = YES;
				CLANG_ENABLE_OBJC_ARC = YES;
				CLANG_WARN_BOOL_CONVERSION = YES;
				CLANG_WARN_CONSTANT_CONVERSION = YES;
				CLANG_WARN_DIRECT_OBJC_ISA_USAGE = YES_ERROR;
				CLANG_WARN_EMPTY_BODY = YES;
				CLANG_WARN_ENUM_CONVERSION = YES;
				CLANG_WARN_INT_CONVERSION = YES;
				CLANG_WARN_OBJC_ROOT_CLASS = YES_ERROR;
				CLANG_WARN_UNREACHABLE_CODE = YES;
				CLANG_WARN__DUPLICATE_METHOD_MATCH = YES;
				"CODE_SIGN_IDENTITY[sdk=iphoneos*]" = "iPhone Developer";
				COPY_PHASE_STRIP = NO;
				DEBUG_INFORMATION_FORMAT = "dwarf-with-dsym";
				ENABLE_NS_ASSERTIONS = NO;
				ENABLE_STRICT_OBJC_MSGSEND = YES;
				GCC_C_LANGUAGE_STANDARD = gnu99;
				GCC_NO_COMMON_BLOCKS = YES;
				GCC_WARN_64_TO_32_BIT_CONVERSION = YES;
				GCC_WARN_ABOUT_RETURN_TYPE = YES_ERROR;
				GCC_WARN_UNDECLARED_SELECTOR = YES;
				GCC_WARN_UNINITIALIZED_AUTOS = YES_AGGRESSIVE;
				GCC_WARN_UNUSED_FUNCTION = YES;
				GCC_WARN_UNUSED_VARIABLE = YES;
				IPHONEOS_DEPLOYMENT_TARGET = 9.0;
				MTL_ENABLE_DEBUG_INFO = NO;
				SDKROOT = iphoneos;
				TARGETED_DEVICE_FAMILY = "1,2";
				VALIDATE_PRODUCT = YES;
			};
			name = Release;
		};
		B14D86331B2028A800AFF457 /* Debug */ = {
			isa = XCBuildConfiguration;
			buildSettings = {
				ASSETCATALOG_COMPILER_APPICON_NAME = AppIcon;
				INFOPLIST_FILE = json_table_view_images/Info.plist;
				IPHONEOS_DEPLOYMENT_TARGET = 8.1;
				LD_RUNPATH_SEARCH_PATHS = "$(inherited) @executable_path/Frameworks";
				PRODUCT_BUNDLE_IDENTIFIER = "com.kaleidosstudio.$(PRODUCT_NAME:rfc1034identifier)";
				PRODUCT_NAME = "$(TARGET_NAME)";
			};
			name = Debug;
		};
		B14D86341B2028A800AFF457 /* Release */ = {
			isa = XCBuildConfiguration;
			buildSettings = {
				ASSETCATALOG_COMPILER_APPICON_NAME = AppIcon;
				INFOPLIST_FILE = json_table_view_images/Info.plist;
				IPHONEOS_DEPLOYMENT_TARGET = 8.1;
				LD_RUNPATH_SEARCH_PATHS = "$(inherited) @executable_path/Frameworks";
				PRODUCT_BUNDLE_IDENTIFIER = "com.kaleidosstudio.$(PRODUCT_NAME:rfc1034identifier)";
				PRODUCT_NAME = "$(TARGET_NAME)";
			};
			name = Release;
		};
		B14D86361B2028A800AFF457 /* Debug */ = {
			isa = XCBuildConfiguration;
			buildSettings = {
				BUNDLE_LOADER = "$(TEST_HOST)";
				FRAMEWORK_SEARCH_PATHS = (
					"$(SDKROOT)/Developer/Library/Frameworks",
					"$(inherited)",
				);
				GCC_PREPROCESSOR_DEFINITIONS = (
					"DEBUG=1",
					"$(inherited)",
				);
				INFOPLIST_FILE = json_table_view_imagesTests/Info.plist;
				LD_RUNPATH_SEARCH_PATHS = "$(inherited) @executable_path/Frameworks @loader_path/Frameworks";
				PRODUCT_BUNDLE_IDENTIFIER = "com.kaleidosstudio.$(PRODUCT_NAME:rfc1034identifier)";
				PRODUCT_NAME = "$(TARGET_NAME)";
				TEST_HOST = "$(BUILT_PRODUCTS_DIR)/json_table_view_images.app/json_table_view_images";
			};
			name = Debug;
		};
		B14D86371B2028A800AFF457 /* Release */ = {
			isa = XCBuildConfiguration;
			buildSettings = {
				BUNDLE_LOADER = "$(TEST_HOST)";
				FRAMEWORK_SEARCH_PATHS = (
					"$(SDKROOT)/Developer/Library/Frameworks",
					"$(inherited)",
				);
				INFOPLIST_FILE = json_table_view_imagesTests/Info.plist;
				LD_RUNPATH_SEARCH_PATHS = "$(inherited) @executable_path/Frameworks @loader_path/Frameworks";
				PRODUCT_BUNDLE_IDENTIFIER = "com.kaleidosstudio.$(PRODUCT_NAME:rfc1034identifier)";
				PRODUCT_NAME = "$(TARGET_NAME)";
				TEST_HOST = "$(BUILT_PRODUCTS_DIR)/json_table_view_images.app/json_table_view_images";
			};
			name = Release;
		};
/* End XCBuildConfiguration section */

/* Begin XCConfigurationList section */
		B14D860B1B2028A800AFF457 /* Build configuration list for PBXProject "json_table_view_images" */ = {
			isa = XCConfigurationList;
			buildConfigurations = (
				B14D86301B2028A800AFF457 /* Debug */,
				B14D86311B2028A800AFF457 /* Release */,
			);
			defaultConfigurationIsVisible = 0;
			defaultConfigurationName = Release;
		};
		B14D86321B2028A800AFF457 /* Build configuration list for PBXNativeTarget "json_table_view_images" */ = {
			isa = XCConfigurationList;
			buildConfigurations = (
				B14D86331B2028A800AFF457 /* Debug */,
				B14D86341B2028A800AFF457 /* Release */,
			);
			defaultConfigurationIsVisible = 0;
			defaultConfigurationName = Release;
		};
		B14D86351B2028A800AFF457 /* Build configuration list for PBXNativeTarget "json_table_view_imagesTests" */ = {
			isa = XCConfigurationList;
			buildConfigurations = (
				B14D86361B2028A800AFF457 /* Debug */,
				B14D86371B2028A800AFF457 /* Release */,
			);
			defaultConfigurationIsVisible = 0;
			defaultConfigurationName = Release;
		};
/* End XCConfigurationList section */

/* Begin XCVersionGroup section */
		B14D86171B2028A800AFF457 /* json_table_view_images.xcdatamodeld */ = {
			isa = XCVersionGroup;
			children = (
				B14D86181B2028A800AFF457 /* json_table_view_images.xcdatamodel */,
			);
			currentVersion = B14D86181B2028A800AFF457 /* json_table_view_images.xcdatamodel */;
			path = json_table_view_images.xcdatamodeld;
			sourceTree = "<group>";
			versionGroupType = wrapper.xcdatamodel;
		};
/* End XCVersionGroup section */
	};
	rootObject = B14D86081B2028A800AFF457 /* Project object */;
}
